
Microsoft Visual Studio Solution File, Format Version 12.00
# Visual Studio 2013
VisualStudioVersion = 12.0.40629.0
MinimumVisualStudioVersion = 10.0.40219.1
Project("{FAE04EC0-301F-11D3-BF4B-00C04F79EFBC}") = "Planetarium", "Planetarium\Planetarium.csproj", "{A12B85CE-D7C9-49F0-88A9-8FEAD27EA6BE}"
EndProject
Project("{FAE04EC0-301F-11D3-BF4B-00C04F79EFBC}") = "Planetarium.Tests", "PlanetariumTests\Planetarium.Tests.csproj", "{B9FB8298-EC28-4EA2-9030-595E6212C025}"
EndProject
Global
	GlobalSection(SolutionConfigurationPlatforms) = preSolution
		Debug|Any CPU = Debug|Any CPU
		Release|Any CPU = Release|Any CPU
	EndGlobalSection
	GlobalSection(ProjectConfigurationPlatforms) = postSolution
		{A12B85CE-D7C9-49F0-88A9-8FEAD27EA6BE}.Debug|Any CPU.ActiveCfg = Debug|Any CPU
		{A12B85CE-D7C9-49F0-88A9-8FEAD27EA6BE}.Debug|Any CPU.Build.0 = Debug|Any CPU
		{A12B85CE-D7C9-49F0-88A9-8FEAD27EA6BE}.Release|Any CPU.ActiveCfg = Release|Any CPU
		{A12B85CE-D7C9-49F0-88A9-8FEAD27EA6BE}.Release|Any CPU.Build.0 = Release|Any CPU
		{B9FB8298-EC28-4EA2-9030-595E6212C025}.Debug|Any CPU.ActiveCfg = Debug|Any CPU
		{B9FB8298-EC28-4EA2-9030-595E6212C025}.Debug|Any CPU.Build.0 = Debug|Any CPU
		{B9FB8298-EC28-4EA2-9030-595E6212C025}.Release|Any CPU.ActiveCfg = Release|Any CPU
		{B9FB8298-EC28-4EA2-9030-595E6212C025}.Release|Any CPU.Build.0 = Release|Any CPU
	EndGlobalSection
	GlobalSection(SolutionProperties) = preSolution
		HideSolutionNode = FALSE
	EndGlobalSection
EndGlobal
